
Microsoft Visual Studio Solution File, Format Version 12.00
# Visual Studio Version 17
VisualStudioVersion = 17.13.35913.81 d17.13
MinimumVisualStudioVersion = 10.0.40219.1
Project("{FAE04EC0-301F-11D3-BF4B-00C04F79EFBC}") = "CSharpEgitimKampi501", "CSharpEgitimKampi501.csproj", "{EC63B848-04C0-44F1-A7A6-CAE0D8C3169F}"
EndProject
Global
	GlobalSection(SolutionConfigurationPlatforms) = preSolution
		Debug|Any CPU = Debug|Any CPU
		Release|Any CPU = Release|Any CPU
	EndGlobalSection
	GlobalSection(ProjectConfigurationPlatforms) = postSolution
		{EC63B848-04C0-44F1-A7A6-CAE0D8C3169F}.Debug|Any CPU.ActiveCfg = Debug|Any CPU
		{EC63B848-04C0-44F1-A7A6-CAE0D8C3169F}.Debug|Any CPU.Build.0 = Debug|Any CPU
		{EC63B848-04C0-44F1-A7A6-CAE0D8C3169F}.Release|Any CPU.ActiveCfg = Release|Any CPU
		{EC63B848-04C0-44F1-A7A6-CAE0D8C3169F}.Release|Any CPU.Build.0 = Release|Any CPU
	EndGlobalSection
	GlobalSection(SolutionProperties) = preSolution
		HideSolutionNode = FALSE
	EndGlobalSection
	GlobalSection(ExtensibilityGlobals) = postSolution
		SolutionGuid = {D48608E0-1E29-45ED-8B5A-81B311248D91}
	EndGlobalSection
EndGlobal
